
Microsoft Visual Studio Solution File, Format Version 12.00
# Visual Studio Version 16
VisualStudioVersion = 16.0.31229.75
MinimumVisualStudioVersion = 10.0.40219.1
Project("{FAE04EC0-301F-11D3-BF4B-00C04F79EFBC}") = "user_manager_server_asp.net", "user_manager_server_asp.net\user_manager_server_asp.net.csproj", "{056B2644-4A9D-4289-B6F3-C1C31D384A89}"
EndProject
Global
	GlobalSection(SolutionConfigurationPlatforms) = preSolution
		Debug|Any CPU = Debug|Any CPU
		Release|Any CPU = Release|Any CPU
	EndGlobalSection
	GlobalSection(ProjectConfigurationPlatforms) = postSolution
		{056B2644-4A9D-4289-B6F3-C1C31D384A89}.Debug|Any CPU.ActiveCfg = Debug|Any CPU
		{056B2644-4A9D-4289-B6F3-C1C31D384A89}.Debug|Any CPU.Build.0 = Debug|Any CPU
		{056B2644-4A9D-4289-B6F3-C1C31D384A89}.Release|Any CPU.ActiveCfg = Release|Any CPU
		{056B2644-4A9D-4289-B6F3-C1C31D384A89}.Release|Any CPU.Build.0 = Release|Any CPU
	EndGlobalSection
	GlobalSection(SolutionProperties) = preSolution
		HideSolutionNode = FALSE
	EndGlobalSection
	GlobalSection(ExtensibilityGlobals) = postSolution
		SolutionGuid = {1DD98782-0E57-4CC3-9FD5-567A145B7D18}
	EndGlobalSection
EndGlobal
